
Microsoft Visual Studio Solution File, Format Version 12.00
# Visual Studio 15
VisualStudioVersion = 15.0.28307.572
MinimumVisualStudioVersion = 10.0.40219.1
Project("{FAE04EC0-301F-11D3-BF4B-00C04F79EFBC}") = "XboxLive.MACS", "XboxLive.MACS\XboxLive.MACS.csproj", "{26E29647-929B-4524-9AED-F88CF1032481}"
EndProject
Global
	GlobalSection(SolutionConfigurationPlatforms) = preSolution
		Debug|Any CPU = Debug|Any CPU
		Release|Any CPU = Release|Any CPU
	EndGlobalSection
	GlobalSection(ProjectConfigurationPlatforms) = postSolution
		{26E29647-929B-4524-9AED-F88CF1032481}.Debug|Any CPU.ActiveCfg = Debug|Any CPU
		{26E29647-929B-4524-9AED-F88CF1032481}.Debug|Any CPU.Build.0 = Debug|Any CPU
		{26E29647-929B-4524-9AED-F88CF1032481}.Release|Any CPU.ActiveCfg = Release|Any CPU
		{26E29647-929B-4524-9AED-F88CF1032481}.Release|Any CPU.Build.0 = Release|Any CPU
	EndGlobalSection
	GlobalSection(SolutionProperties) = preSolution
		HideSolutionNode = FALSE
	EndGlobalSection
	GlobalSection(ExtensibilityGlobals) = postSolution
		SolutionGuid = {81BE2F3A-9D85-4013-9033-5F4519BC1D2D}
	EndGlobalSection
EndGlobal
